
Microsoft Visual Studio Solution File, Format Version 12.00
# Visual Studio Version 17
VisualStudioVersion = 17.10.34928.147
MinimumVisualStudioVersion = 10.0.40219.1
Project("{FAE04EC0-301F-11D3-BF4B-00C04F79EFBC}") = "GlassFactory", "GlassFactory\GlassFactory.csproj", "{979F6C88-438A-44C0-835B-8F31F7E4422F}"
EndProject
Global
	GlobalSection(SolutionConfigurationPlatforms) = preSolution
		Debug|Any CPU = Debug|Any CPU
		Release|Any CPU = Release|Any CPU
	EndGlobalSection
	GlobalSection(ProjectConfigurationPlatforms) = postSolution
		{979F6C88-438A-44C0-835B-8F31F7E4422F}.Debug|Any CPU.ActiveCfg = Debug|Any CPU
		{979F6C88-438A-44C0-835B-8F31F7E4422F}.Debug|Any CPU.Build.0 = Debug|Any CPU
		{979F6C88-438A-44C0-835B-8F31F7E4422F}.Release|Any CPU.ActiveCfg = Release|Any CPU
		{979F6C88-438A-44C0-835B-8F31F7E4422F}.Release|Any CPU.Build.0 = Release|Any CPU
	EndGlobalSection
	GlobalSection(SolutionProperties) = preSolution
		HideSolutionNode = FALSE
	EndGlobalSection
	GlobalSection(ExtensibilityGlobals) = postSolution
		SolutionGuid = {63B806E5-8AF3-48D3-B6F3-D7686C8699D9}
	EndGlobalSection
EndGlobal
